
Microsoft Visual Studio Solution File, Format Version 12.00
# Visual Studio Version 17
VisualStudioVersion = 17.11.35327.3
MinimumVisualStudioVersion = 10.0.40219.1
Project("{9A19103F-16F7-4668-BE54-9A1E7A4F7556}") = "WFInicial", "WFInicial\WFInicial.csproj", "{B3A0804A-B9E5-48BD-9259-CC9543B81DAA}"
EndProject
Project("{9A19103F-16F7-4668-BE54-9A1E7A4F7556}") = "CEx1", "C_Revisao\CEx1.csproj", "{C901E83B-9B17-4A6C-8825-796FD9982D00}"
EndProject
Project("{FAE04EC0-301F-11D3-BF4B-00C04F79EFBC}") = "CEx2", "CEx2\CEx2.csproj", "{997614CA-215F-4E50-97B7-24D265A1B9A8}"
EndProject
Project("{FAE04EC0-301F-11D3-BF4B-00C04F79EFBC}") = "CEx3", "CEx3\CEx3.csproj", "{476F2F69-43EB-449C-A7D7-9BF1B0FCDFEF}"
EndProject
Global
	GlobalSection(SolutionConfigurationPlatforms) = preSolution
		Debug|Any CPU = Debug|Any CPU
		Release|Any CPU = Release|Any CPU
	EndGlobalSection
	GlobalSection(ProjectConfigurationPlatforms) = postSolution
		{B3A0804A-B9E5-48BD-9259-CC9543B81DAA}.Debug|Any CPU.ActiveCfg = Debug|Any CPU
		{B3A0804A-B9E5-48BD-9259-CC9543B81DAA}.Debug|Any CPU.Build.0 = Debug|Any CPU
		{B3A0804A-B9E5-48BD-9259-CC9543B81DAA}.Release|Any CPU.ActiveCfg = Release|Any CPU
		{B3A0804A-B9E5-48BD-9259-CC9543B81DAA}.Release|Any CPU.Build.0 = Release|Any CPU
		{C901E83B-9B17-4A6C-8825-796FD9982D00}.Debug|Any CPU.ActiveCfg = Debug|Any CPU
		{C901E83B-9B17-4A6C-8825-796FD9982D00}.Debug|Any CPU.Build.0 = Debug|Any CPU
		{C901E83B-9B17-4A6C-8825-796FD9982D00}.Release|Any CPU.ActiveCfg = Release|Any CPU
		{C901E83B-9B17-4A6C-8825-796FD9982D00}.Release|Any CPU.Build.0 = Release|Any CPU
		{997614CA-215F-4E50-97B7-24D265A1B9A8}.Debug|Any CPU.ActiveCfg = Debug|Any CPU
		{997614CA-215F-4E50-97B7-24D265A1B9A8}.Debug|Any CPU.Build.0 = Debug|Any CPU
		{997614CA-215F-4E50-97B7-24D265A1B9A8}.Release|Any CPU.ActiveCfg = Release|Any CPU
		{997614CA-215F-4E50-97B7-24D265A1B9A8}.Release|Any CPU.Build.0 = Release|Any CPU
		{476F2F69-43EB-449C-A7D7-9BF1B0FCDFEF}.Debug|Any CPU.ActiveCfg = Debug|Any CPU
		{476F2F69-43EB-449C-A7D7-9BF1B0FCDFEF}.Debug|Any CPU.Build.0 = Debug|Any CPU
		{476F2F69-43EB-449C-A7D7-9BF1B0FCDFEF}.Release|Any CPU.ActiveCfg = Release|Any CPU
		{476F2F69-43EB-449C-A7D7-9BF1B0FCDFEF}.Release|Any CPU.Build.0 = Release|Any CPU
	EndGlobalSection
	GlobalSection(SolutionProperties) = preSolution
		HideSolutionNode = FALSE
	EndGlobalSection
	GlobalSection(ExtensibilityGlobals) = postSolution
		SolutionGuid = {CA6B7A45-BE1F-4D00-83F8-56041C138433}
	EndGlobalSection
EndGlobal
